Microsoft Visual Studio Solution File, Format Version 11.00
# Visual Studio 2008

Project("{DBCEA9A2-5A19-7A51-AD1D-E09037995BCA}") = "FastBall", "Assembly-CSharp-vs.csproj", "{4A2D566F-7112-841A-39C0-3584304FA728}"
EndProject
Project("{DBCEA9A2-5A19-7A51-AD1D-E09037995BCA}") = "FastBall", "Assembly-CSharp-Editor-vs.csproj", "{68EC32E4-5189-301A-F4E2-6C513E93F3F3}"
EndProject
Global
	GlobalSection(SolutionConfigurationPlatforms) = preSolution
		Debug|Any CPU = Debug|Any CPU
		Release|Any CPU = Release|Any CPU
	EndGlobalSection
	GlobalSection(ProjectConfigurationPlatforms) = postSolution
		{4A2D566F-7112-841A-39C0-3584304FA728}.Debug|Any CPU.ActiveCfg = Debug|Any CPU
		{4A2D566F-7112-841A-39C0-3584304FA728}.Debug|Any CPU.Build.0 = Debug|Any CPU
		{4A2D566F-7112-841A-39C0-3584304FA728}.Release|Any CPU.ActiveCfg = Release|Any CPU
		{4A2D566F-7112-841A-39C0-3584304FA728}.Release|Any CPU.Build.0 = Release|Any CPU
		{68EC32E4-5189-301A-F4E2-6C513E93F3F3}.Debug|Any CPU.ActiveCfg = Debug|Any CPU
		{68EC32E4-5189-301A-F4E2-6C513E93F3F3}.Debug|Any CPU.Build.0 = Debug|Any CPU
		{68EC32E4-5189-301A-F4E2-6C513E93F3F3}.Release|Any CPU.ActiveCfg = Release|Any CPU
		{68EC32E4-5189-301A-F4E2-6C513E93F3F3}.Release|Any CPU.Build.0 = Release|Any CPU
	EndGlobalSection
	GlobalSection(SolutionProperties) = preSolution
		HideSolutionNode = FALSE
	EndGlobalSection
																																										GlobalSection(MonoDevelopProperties) = preSolution
		StartupItem = Assembly-CSharp.csproj
		Policies = $0
		$0.TextStylePolicy = $1
		$1.inheritsSet = null
		$1.scope = text/x-csharp
		$0.CSharpFormattingPolicy = $2
		$2.inheritsSet = Mono
		$2.inheritsScope = text/x-csharp
		$2.scope = text/x-csharp
		$0.TextStylePolicy = $3
		$3.FileWidth = 120
		$3.TabWidth = 4
		$3.IndentWidth = 4
		$3.EolMarker = Unix
		$3.inheritsSet = Mono
		$3.inheritsScope = text/plain
		$3.scope = text/plain
	EndGlobalSection

EndGlobal
